{
  "name": "Food App",
  "lockfileVersion": 3,
  "requires": true,
  "packages": {
    "": {
      "dependencies": {
        "lucide-react": "^1.32.0"
      }
    },
    "node_modules/lucide-react": {
      "version": "1.32.0",
      "resolved": "https://registry.npmjs.org/lucide-react/-/lucide-react-1.32.0.tgz",
      "integrity": "sha512-txX56hMFnRxPi1f9/nH69YN8uvAO6a7Y1KSWKjCDAtdD9+soEgmWuCt6iRm1pkxUZo2+YntSdsE1L6bIuKoY8Q==",
      "peerDependencies": {
        "react": "^16.5.1 || ^17.0.0 || ^18.0.0 || ^19.0.0"
      }
    }
  }
}
